
Microsoft Visual Studio Solution File, Format Version 12.00
# Visual Studio Version 17
VisualStudioVersion = 17.8.34330.188
MinimumVisualStudioVersion = 10.0.40219.1
Project("{FAE04EC0-301F-11D3-BF4B-00C04F79EFBC}") = "CarRental", "CarRental\CarRental.csproj", "{135A68AC-3B34-47FA-A765-EE8F073A85F8}"
EndProject
Global
	GlobalSection(SolutionConfigurationPlatforms) = preSolution
		Debug|Any CPU = Debug|Any CPU
		Release|Any CPU = Release|Any CPU
	EndGlobalSection
	GlobalSection(ProjectConfigurationPlatforms) = postSolution
		{135A68AC-3B34-47FA-A765-EE8F073A85F8}.Debug|Any CPU.ActiveCfg = Debug|Any CPU
		{135A68AC-3B34-47FA-A765-EE8F073A85F8}.Debug|Any CPU.Build.0 = Debug|Any CPU
		{135A68AC-3B34-47FA-A765-EE8F073A85F8}.Release|Any CPU.ActiveCfg = Release|Any CPU
		{135A68AC-3B34-47FA-A765-EE8F073A85F8}.Release|Any CPU.Build.0 = Release|Any CPU
	EndGlobalSection
	GlobalSection(SolutionProperties) = preSolution
		HideSolutionNode = FALSE
	EndGlobalSection
	GlobalSection(ExtensibilityGlobals) = postSolution
		SolutionGuid = {58FE0227-6B79-4AC8-AD8E-AA150A97B4CD}
	EndGlobalSection
EndGlobal
